// !$*UTF8*$!
{
	archiveVersion = 1;
	classes = {
	};
	objectVersion = 46;
	objects = {

/* Begin PBXBuildFile section */
		49226A081F69BA1E0000B2B9 /* libstockpilelib.a in Frameworks */ = {isa = PBXBuildFile; fileRef = 5AC4B82E1F699743007D9374 /* libstockpilelib.a */; };
		49226A0A1F69BCE00000B2B9 /* stockpile.cpp in Sources */ = {isa = PBXBuildFile; fileRef = 49226A091F69BCE00000B2B9 /* stockpile.cpp */; };
		49A00DAC1F64595000C5B4BF /* main.cpp in Sources */ = {isa = PBXBuildFile; fileRef = 49A00DAB1F64595000C5B4BF /* main.cpp */; };
		49A00DB71F645DD900C5B4BF /* libsnappy.a in Frameworks */ = {isa = PBXBuildFile; fileRef = 49A00DB61F645DD900C5B4BF /* libsnappy.a */; };
		5AC4B8391F69974B007D9374 /* ResourcePath.cpp in Sources */ = {isa = PBXBuildFile; fileRef = 5AC4B81E1F69955F007D9374 /* ResourcePath.cpp */; };
		5AC4B83A1F69974B007D9374 /* PileDefinition.cpp in Sources */ = {isa = PBXBuildFile; fileRef = 5AC4B8211F6995DC007D9374 /* PileDefinition.cpp */; };
		5AC4B83B1F69974B007D9374 /* Pile.cpp in Sources */ = {isa = PBXBuildFile; fileRef = 5AC4B8241F699628007D9374 /* Pile.cpp */; };
		5AC4B83C1F69974B007D9374 /* PileDefinitionLoader.cpp in Sources */ = {isa = PBXBuildFile; fileRef = 5AC4B8271F69966B007D9374 /* PileDefinitionLoader.cpp */; };
		5AC4B84B1F6997A2007D9374 /* PileCreator.cpp in Sources */ = {isa = PBXBuildFile; fileRef = 5AC4B8481F6997A2007D9374 /* PileCreator.cpp */; };
		5AC4B84C1F6997A2007D9374 /* PileCreator.h in Headers */ = {isa = PBXBuildFile; fileRef = 5AC4B8491F6997A2007D9374 /* PileCreator.h */; };
		5AC4B8511F699819007D9374 /* PileHeader.h in Headers */ = {isa = PBXBuildFile; fileRef = 5AC4B84E1F699819007D9374 /* PileHeader.h */; };
		5AC4B8551F699840007D9374 /* PileHasher.cpp in Sources */ = {isa = PBXBuildFile; fileRef = 5AC4B8521F699840007D9374 /* PileHasher.cpp */; };
		5AC4B8561F699840007D9374 /* PileHasher.h in Headers */ = {isa = PBXBuildFile; fileRef = 5AC4B8531F699840007D9374 /* PileHasher.h */; };
		5AC4B85A1F6998C2007D9374 /* PileHeaderCreator.cpp in Sources */ = {isa = PBXBuildFile; fileRef = 5AC4B8571F6998C2007D9374 /* PileHeaderCreator.cpp */; };
		5AC4B85B1F6998C2007D9374 /* PileHeaderCreator.h in Headers */ = {isa = PBXBuildFile; fileRef = 5AC4B8581F6998C2007D9374 /* PileHeaderCreator.h */; };
		5AC4B85F1F69992B007D9374 /* PileWriter.cpp in Sources */ = {isa = PBXBuildFile; fileRef = 5AC4B85C1F69992B007D9374 /* PileWriter.cpp */; };
		5AC4B8601F69992B007D9374 /* PileWriter.h in Headers */ = {isa = PBXBuildFile; fileRef = 5AC4B85D1F69992B007D9374 /* PileWriter.h */; };
		5AC4B8641F699935007D9374 /* PileReader.cpp in Sources */ = {isa = PBXBuildFile; fileRef = 5AC4B8611F699935007D9374 /* PileReader.cpp */; };
		5AC4B8651F699935007D9374 /* PileReader.h in Headers */ = {isa = PBXBuildFile; fileRef = 5AC4B8621F699935007D9374 /* PileReader.h */; };
/* End PBXBuildFile section */

/* Begin PBXCopyFilesBuildPhase section */
		49A00DA61F64595000C5B4BF /* CopyFiles */ = {
			isa = PBXCopyFilesBuildPhase;
			buildActionMask = 2147483647;
			dstPath = /usr/share/man/man1/;
			dstSubfolderSpec = 0;
			files = (
			);
			runOnlyForDeploymentPostprocessing = 1;
		};
/* End PBXCopyFilesBuildPhase section */

/* Begin PBXFileReference section */
		49226A091F69BCE00000B2B9 /* stockpile.cpp */ = {isa = PBXFileReference; fileEncoding = 4; lastKnownFileType = sourcecode.cpp.cpp; path = stockpile.cpp; sourceTree = "<group>"; };
		49226A0C1F69BD830000B2B9 /* stockpile.h */ = {isa = PBXFileReference; fileEncoding = 4; lastKnownFileType = sourcecode.c.h; path = stockpile.h; sourceTree = "<group>"; };
		49226A0D1F69BD830000B2B9 /* Pile.h */ = {isa = PBXFileReference; fileEncoding = 4; lastKnownFileType = sourcecode.c.h; path = Pile.h; sourceTree = "<group>"; };
		49226A0E1F69BDB40000B2B9 /* ResourcePath.h */ = {isa = PBXFileReference; fileEncoding = 4; lastKnownFileType = sourcecode.c.h; path = ResourcePath.h; sourceTree = "<group>"; };
		49A00DA81F64595000C5B4BF /* stockpile */ = {isa = PBXFileReference; explicitFileType = "compiled.mach-o.executable"; includeInIndex = 0; path = stockpile; sourceTree = BUILT_PRODUCTS_DIR; };
		49A00DAB1F64595000C5B4BF /* main.cpp */ = {isa = PBXFileReference; lastKnownFileType = sourcecode.cpp.cpp; path = main.cpp; sourceTree = "<group>"; };
		49A00DB61F645DD900C5B4BF /* libsnappy.a */ = {isa = PBXFileReference; lastKnownFileType = archive.ar; name = libsnappy.a; path = thirdparty/snappy/build/libsnappy.a; sourceTree = "<group>"; };
		5AC4B81E1F69955F007D9374 /* ResourcePath.cpp */ = {isa = PBXFileReference; fileEncoding = 4; lastKnownFileType = sourcecode.cpp.cpp; path = ResourcePath.cpp; sourceTree = "<group>"; };
		5AC4B8211F6995DC007D9374 /* PileDefinition.cpp */ = {isa = PBXFileReference; fileEncoding = 4; lastKnownFileType = sourcecode.cpp.cpp; path = PileDefinition.cpp; sourceTree = "<group>"; };
		5AC4B8221F6995DC007D9374 /* PileDefinition.h */ = {isa = PBXFileReference; fileEncoding = 4; lastKnownFileType = sourcecode.c.h; path = PileDefinition.h; sourceTree = "<group>"; };
		5AC4B8241F699628007D9374 /* Pile.cpp */ = {isa = PBXFileReference; fileEncoding = 4; lastKnownFileType = sourcecode.cpp.cpp; path = Pile.cpp; sourceTree = "<group>"; };
		5AC4B8271F69966B007D9374 /* PileDefinitionLoader.cpp */ = {isa = PBXFileReference; fileEncoding = 4; lastKnownFileType = sourcecode.cpp.cpp; path = PileDefinitionLoader.cpp; sourceTree = "<group>"; };
		5AC4B8281F69966B007D9374 /* PileDefinitionLoader.h */ = {isa = PBXFileReference; fileEncoding = 4; lastKnownFileType = sourcecode.c.h; path = PileDefinitionLoader.h; sourceTree = "<group>"; };
		5AC4B82E1F699743007D9374 /* libstockpilelib.a */ = {isa = PBXFileReference; explicitFileType = archive.ar; includeInIndex = 0; path = libstockpilelib.a; sourceTree = BUILT_PRODUCTS_DIR; };
		5AC4B8481F6997A2007D9374 /* PileCreator.cpp */ = {isa = PBXFileReference; fileEncoding = 4; lastKnownFileType = sourcecode.cpp.cpp; path = PileCreator.cpp; sourceTree = "<group>"; };
		5AC4B8491F6997A2007D9374 /* PileCreator.h */ = {isa = PBXFileReference; fileEncoding = 4; lastKnownFileType = sourcecode.c.h; path = PileCreator.h; sourceTree = "<group>"; };
		5AC4B84E1F699819007D9374 /* PileHeader.h */ = {isa = PBXFileReference; fileEncoding = 4; lastKnownFileType = sourcecode.c.h; path = PileHeader.h; sourceTree = "<group>"; };
		5AC4B8521F699840007D9374 /* PileHasher.cpp */ = {isa = PBXFileReference; fileEncoding = 4; lastKnownFileType = sourcecode.cpp.cpp; path = PileHasher.cpp; sourceTree = "<group>"; };
		5AC4B8531F699840007D9374 /* PileHasher.h */ = {isa = PBXFileReference; fileEncoding = 4; lastKnownFileType = sourcecode.c.h; path = PileHasher.h; sourceTree = "<group>"; };
		5AC4B8571F6998C2007D9374 /* PileHeaderCreator.cpp */ = {isa = PBXFileReference; fileEncoding = 4; lastKnownFileType = sourcecode.cpp.cpp; path = PileHeaderCreator.cpp; sourceTree = "<group>"; };
		5AC4B8581F6998C2007D9374 /* PileHeaderCreator.h */ = {isa = PBXFileReference; fileEncoding = 4; lastKnownFileType = sourcecode.c.h; path = PileHeaderCreator.h; sourceTree = "<group>"; };
		5AC4B85C1F69992B007D9374 /* PileWriter.cpp */ = {isa = PBXFileReference; fileEncoding = 4; lastKnownFileType = sourcecode.cpp.cpp; path = PileWriter.cpp; sourceTree = "<group>"; };
		5AC4B85D1F69992B007D9374 /* PileWriter.h */ = {isa = PBXFileReference; fileEncoding = 4; lastKnownFileType = sourcecode.c.h; path = PileWriter.h; sourceTree = "<group>"; };
		5AC4B8611F699935007D9374 /* PileReader.cpp */ = {isa = PBXFileReference; fileEncoding = 4; lastKnownFileType = sourcecode.cpp.cpp; path = PileReader.cpp; sourceTree = "<group>"; };
		5AC4B8621F699935007D9374 /* PileReader.h */ = {isa = PBXFileReference; fileEncoding = 4; lastKnownFileType = sourcecode.c.h; path = PileReader.h; sourceTree = "<group>"; };
/* End PBXFileReference section */

/* Begin PBXFrameworksBuildPhase section */
		49A00DA51F64595000C5B4BF /* Frameworks */ = {
			isa = PBXFrameworksBuildPhase;
			buildActionMask = 2147483647;
			files = (
				49226A081F69BA1E0000B2B9 /* libstockpilelib.a in Frameworks */,
				49A00DB71F645DD900C5B4BF /* libsnappy.a in Frameworks */,
			);
			runOnlyForDeploymentPostprocessing = 0;
		};
		5AC4B82B1F699743007D9374 /* Frameworks */ = {
			isa = PBXFrameworksBuildPhase;
			buildActionMask = 2147483647;
			files = (
			);
			runOnlyForDeploymentPostprocessing = 0;
		};
/* End PBXFrameworksBuildPhase section */

/* Begin PBXGroup section */
		49226A0B1F69BD370000B2B9 /* include */ = {
			isa = PBXGroup;
			children = (
				49226A0E1F69BDB40000B2B9 /* ResourcePath.h */,
				49226A0C1F69BD830000B2B9 /* stockpile.h */,
				49226A0D1F69BD830000B2B9 /* Pile.h */,
			);
			path = include;
			sourceTree = "<group>";
		};
		49A00D9F1F64595000C5B4BF = {
			isa = PBXGroup;
			children = (
				49A00DAA1F64595000C5B4BF /* stockpile */,
				49A00DA91F64595000C5B4BF /* Products */,
				49A00DB51F645DD900C5B4BF /* Frameworks */,
			);
			sourceTree = "<group>";
		};
		49A00DA91F64595000C5B4BF /* Products */ = {
			isa = PBXGroup;
			children = (
				49A00DA81F64595000C5B4BF /* stockpile */,
				5AC4B82E1F699743007D9374 /* libstockpilelib.a */,
			);
			name = Products;
			sourceTree = "<group>";
		};
		49A00DAA1F64595000C5B4BF /* stockpile */ = {
			isa = PBXGroup;
			children = (
				49226A0B1F69BD370000B2B9 /* include */,
				49A00DAB1F64595000C5B4BF /* main.cpp */,
				49226A091F69BCE00000B2B9 /* stockpile.cpp */,
				5AC4B81E1F69955F007D9374 /* ResourcePath.cpp */,
				5AC4B8211F6995DC007D9374 /* PileDefinition.cpp */,
				5AC4B8221F6995DC007D9374 /* PileDefinition.h */,
				5AC4B8241F699628007D9374 /* Pile.cpp */,
				5AC4B8271F69966B007D9374 /* PileDefinitionLoader.cpp */,
				5AC4B8281F69966B007D9374 /* PileDefinitionLoader.h */,
				5AC4B8481F6997A2007D9374 /* PileCreator.cpp */,
				5AC4B8491F6997A2007D9374 /* PileCreator.h */,
				5AC4B84E1F699819007D9374 /* PileHeader.h */,
				5AC4B8521F699840007D9374 /* PileHasher.cpp */,
				5AC4B8531F699840007D9374 /* PileHasher.h */,
				5AC4B8571F6998C2007D9374 /* PileHeaderCreator.cpp */,
				5AC4B8581F6998C2007D9374 /* PileHeaderCreator.h */,
				5AC4B85C1F69992B007D9374 /* PileWriter.cpp */,
				5AC4B85D1F69992B007D9374 /* PileWriter.h */,
				5AC4B8611F699935007D9374 /* PileReader.cpp */,
				5AC4B8621F699935007D9374 /* PileReader.h */,
			);
			path = stockpile;
			sourceTree = "<group>";
		};
		49A00DB51F645DD900C5B4BF /* Frameworks */ = {
			isa = PBXGroup;
			children = (
				49A00DB61F645DD900C5B4BF /* libsnappy.a */,
			);
			name = Frameworks;
			sourceTree = "<group>";
		};
/* End PBXGroup section */

/* Begin PBXHeadersBuildPhase section */
		5AC4B82C1F699743007D9374 /* Headers */ = {
			isa = PBXHeadersBuildPhase;
			buildActionMask = 2147483647;
			files = (
				5AC4B8651F699935007D9374 /* PileReader.h in Headers */,
				5AC4B8561F699840007D9374 /* PileHasher.h in Headers */,
				5AC4B84C1F6997A2007D9374 /* PileCreator.h in Headers */,
				5AC4B8601F69992B007D9374 /* PileWriter.h in Headers */,
				5AC4B85B1F6998C2007D9374 /* PileHeaderCreator.h in Headers */,
				5AC4B8511F699819007D9374 /* PileHeader.h in Headers */,
			);
			runOnlyForDeploymentPostprocessing = 0;
		};
/* End PBXHeadersBuildPhase section */

/* Begin PBXNativeTarget section */
		49A00DA71F64595000C5B4BF /* stockpile */ = {
			isa = PBXNativeTarget;
			buildConfigurationList = 49A00DAF1F64595000C5B4BF /* Build configuration list for PBXNativeTarget "stockpile" */;
			buildPhases = (
				49A00DA41F64595000C5B4BF /* Sources */,
				49A00DA51F64595000C5B4BF /* Frameworks */,
				49A00DA61F64595000C5B4BF /* CopyFiles */,
			);
			buildRules = (
			);
			dependencies = (
			);
			name = stockpile;
			productName = stockpile;
			productReference = 49A00DA81F64595000C5B4BF /* stockpile */;
			productType = "com.apple.product-type.tool";
		};
		5AC4B82D1F699743007D9374 /* stockpilelib */ = {
			isa = PBXNativeTarget;
			buildConfigurationList = 5AC4B8361F699744007D9374 /* Build configuration list for PBXNativeTarget "stockpilelib" */;
			buildPhases = (
				5AC4B82A1F699743007D9374 /* Sources */,
				5AC4B82B1F699743007D9374 /* Frameworks */,
				5AC4B82C1F699743007D9374 /* Headers */,
			);
			buildRules = (
			);
			dependencies = (
			);
			name = stockpilelib;
			productName = stockpilelib;
			productReference = 5AC4B82E1F699743007D9374 /* libstockpilelib.a */;
			productType = "com.apple.product-type.library.static";
		};
/* End PBXNativeTarget section */

/* Begin PBXProject section */
		49A00DA01F64595000C5B4BF /* Project object */ = {
			isa = PBXProject;
			attributes = {
				LastUpgradeCheck = 0830;
				ORGANIZATIONNAME = "Andrew Dodman";
				TargetAttributes = {
					49A00DA71F64595000C5B4BF = {
						CreatedOnToolsVersion = 8.3.3;
						ProvisioningStyle = Automatic;
					};
					5AC4B82D1F699743007D9374 = {
						CreatedOnToolsVersion = 8.3;
						ProvisioningStyle = Automatic;
					};
				};
			};
			buildConfigurationList = 49A00DA31F64595000C5B4BF /* Build configuration list for PBXProject "stockpile" */;
			compatibilityVersion = "Xcode 3.2";
			developmentRegion = English;
			hasScannedForEncodings = 0;
			knownRegions = (
				en,
			);
			mainGroup = 49A00D9F1F64595000C5B4BF;
			productRefGroup = 49A00DA91F64595000C5B4BF /* Products */;
			projectDirPath = "";
			projectRoot = "";
			targets = (
				49A00DA71F64595000C5B4BF /* stockpile */,
				5AC4B82D1F699743007D9374 /* stockpilelib */,
			);
		};
/* End PBXProject section */

/* Begin PBXSourcesBuildPhase section */
		49A00DA41F64595000C5B4BF /* Sources */ = {
			isa = PBXSourcesBuildPhase;
			buildActionMask = 2147483647;
			files = (
				49A00DAC1F64595000C5B4BF /* main.cpp in Sources */,
			);
			runOnlyForDeploymentPostprocessing = 0;
		};
		5AC4B82A1F699743007D9374 /* Sources */ = {
			isa = PBXSourcesBuildPhase;
			buildActionMask = 2147483647;
			files = (
				5AC4B85F1F69992B007D9374 /* PileWriter.cpp in Sources */,
				5AC4B8391F69974B007D9374 /* ResourcePath.cpp in Sources */,
				5AC4B85A1F6998C2007D9374 /* PileHeaderCreator.cpp in Sources */,
				5AC4B8551F699840007D9374 /* PileHasher.cpp in Sources */,
				5AC4B83A1F69974B007D9374 /* PileDefinition.cpp in Sources */,
				5AC4B84B1F6997A2007D9374 /* PileCreator.cpp in Sources */,
				49226A0A1F69BCE00000B2B9 /* stockpile.cpp in Sources */,
				5AC4B8641F699935007D9374 /* PileReader.cpp in Sources */,
				5AC4B83C1F69974B007D9374 /* PileDefinitionLoader.cpp in Sources */,
				5AC4B83B1F69974B007D9374 /* Pile.cpp in Sources */,
			);
			runOnlyForDeploymentPostprocessing = 0;
		};
/* End PBXSourcesBuildPhase section */

/* Begin XCBuildConfiguration section */
		49A00DAD1F64595000C5B4BF /* Debug */ = {
			isa = XCBuildConfiguration;
			buildSettings = {
				CLANG_ANALYZER_NONNULL = YES;
				CLANG_ANALYZER_NUMBER_OBJECT_CONVERSION = YES_AGGRESSIVE;
				CLANG_CXX_LANGUAGE_STANDARD = "c++14";
				CLANG_CXX_LIBRARY = "libc++";
				CLANG_ENABLE_MODULES = YES;
				CLANG_ENABLE_OBJC_ARC = YES;
				CLANG_WARN_BOOL_CONVERSION = YES;
				CLANG_WARN_CONSTANT_CONVERSION = YES;
				CLANG_WARN_DIRECT_OBJC_ISA_USAGE = YES_ERROR;
				CLANG_WARN_DOCUMENTATION_COMMENTS = YES;
				CLANG_WARN_EMPTY_BODY = YES;
				CLANG_WARN_ENUM_CONVERSION = YES;
				CLANG_WARN_INFINITE_RECURSION = YES;
				CLANG_WARN_INT_CONVERSION = YES;
				CLANG_WARN_OBJC_ROOT_CLASS = YES_ERROR;
				CLANG_WARN_SUSPICIOUS_MOVE = YES;
				CLANG_WARN_UNREACHABLE_CODE = YES;
				CLANG_WARN__DUPLICATE_METHOD_MATCH = YES;
				CODE_SIGN_IDENTITY = "-";
				COPY_PHASE_STRIP = NO;
				DEBUG_INFORMATION_FORMAT = dwarf;
				ENABLE_STRICT_OBJC_MSGSEND = YES;
				ENABLE_TESTABILITY = YES;
				GCC_C_LANGUAGE_STANDARD = gnu99;
				GCC_DYNAMIC_NO_PIC = NO;
				GCC_NO_COMMON_BLOCKS = YES;
				GCC_OPTIMIZATION_LEVEL = 0;
				GCC_PREPROCESSOR_DEFINITIONS = (
					"DEBUG=1",
					"$(inherited)",
				);
				GCC_WARN_64_TO_32_BIT_CONVERSION = YES;
				GCC_WARN_ABOUT_RETURN_TYPE = YES_ERROR;
				GCC_WARN_UNDECLARED_SELECTOR = YES;
				GCC_WARN_UNINITIALIZED_AUTOS = YES_AGGRESSIVE;
				GCC_WARN_UNUSED_FUNCTION = YES;
				GCC_WARN_UNUSED_VARIABLE = YES;
				HEADER_SEARCH_PATHS = (
					thirdparty/snappy,
					thirdparty/snappy/build,
					thirdparty/json/src,
					thirdparty/args,
					thirdparty/PicoSHA2,
				);
				LIBRARY_SEARCH_PATHS = thirdparty/snappy/build;
				MACOSX_DEPLOYMENT_TARGET = 10.12;
				MTL_ENABLE_DEBUG_INFO = YES;
				ONLY_ACTIVE_ARCH = YES;
				SDKROOT = macosx;
			};
			name = Debug;
		};
		49A00DAE1F64595000C5B4BF /* Release */ = {
			isa = XCBuildConfiguration;
			buildSettings = {
				CLANG_ANALYZER_NONNULL = YES;
				CLANG_ANALYZER_NUMBER_OBJECT_CONVERSION = YES_AGGRESSIVE;
				CLANG_CXX_LANGUAGE_STANDARD = "c++14";
				CLANG_CXX_LIBRARY = "libc++";
				CLANG_ENABLE_MODULES = YES;
				CLANG_ENABLE_OBJC_ARC = YES;
				CLANG_WARN_BOOL_CONVERSION = YES;
				CLANG_WARN_CONSTANT_CONVERSION = YES;
				CLANG_WARN_DIRECT_OBJC_ISA_USAGE = YES_ERROR;
				CLANG_WARN_DOCUMENTATION_COMMENTS = YES;
				CLANG_WARN_EMPTY_BODY = YES;
				CLANG_WARN_ENUM_CONVERSION = YES;
				CLANG_WARN_INFINITE_RECURSION = YES;
				CLANG_WARN_INT_CONVERSION = YES;
				CLANG_WARN_OBJC_ROOT_CLASS = YES_ERROR;
				CLANG_WARN_SUSPICIOUS_MOVE = YES;
				CLANG_WARN_UNREACHABLE_CODE = YES;
				CLANG_WARN__DUPLICATE_METHOD_MATCH = YES;
				CODE_SIGN_IDENTITY = "-";
				COPY_PHASE_STRIP = NO;
				DEBUG_INFORMATION_FORMAT = "dwarf-with-dsym";
				ENABLE_NS_ASSERTIONS = NO;
				ENABLE_STRICT_OBJC_MSGSEND = YES;
				GCC_C_LANGUAGE_STANDARD = gnu99;
				GCC_NO_COMMON_BLOCKS = YES;
				GCC_WARN_64_TO_32_BIT_CONVERSION = YES;
				GCC_WARN_ABOUT_RETURN_TYPE = YES_ERROR;
				GCC_WARN_UNDECLARED_SELECTOR = YES;
				GCC_WARN_UNINITIALIZED_AUTOS = YES_AGGRESSIVE;
				GCC_WARN_UNUSED_FUNCTION = YES;
				GCC_WARN_UNUSED_VARIABLE = YES;
				HEADER_SEARCH_PATHS = (
					thirdparty/snappy,
					thirdparty/snappy/build,
					thirdparty/json/src,
					thirdparty/args,
					thirdparty/PicoSHA2,
				);
				LIBRARY_SEARCH_PATHS = thirdparty/snappy/build;
				MACOSX_DEPLOYMENT_TARGET = 10.12;
				MTL_ENABLE_DEBUG_INFO = NO;
				SDKROOT = macosx;
			};
			name = Release;
		};
		49A00DB01F64595000C5B4BF /* Debug */ = {
			isa = XCBuildConfiguration;
			buildSettings = {
				LIBRARY_SEARCH_PATHS = (
					"$(inherited)",
					"$(PROJECT_DIR)/thirdparty/snappy/build",
				);
				PRODUCT_NAME = "$(TARGET_NAME)";
			};
			name = Debug;
		};
		49A00DB11F64595000C5B4BF /* Release */ = {
			isa = XCBuildConfiguration;
			buildSettings = {
				LIBRARY_SEARCH_PATHS = (
					"$(inherited)",
					"$(PROJECT_DIR)/thirdparty/snappy/build",
				);
				PRODUCT_NAME = "$(TARGET_NAME)";
			};
			name = Release;
		};
		5AC4B8371F699744007D9374 /* Debug */ = {
			isa = XCBuildConfiguration;
			buildSettings = {
				ALWAYS_SEARCH_USER_PATHS = NO;
				EXECUTABLE_PREFIX = lib;
				PRODUCT_NAME = "$(TARGET_NAME)";
			};
			name = Debug;
		};
		5AC4B8381F699744007D9374 /* Release */ = {
			isa = XCBuildConfiguration;
			buildSettings = {
				ALWAYS_SEARCH_USER_PATHS = NO;
				EXECUTABLE_PREFIX = lib;
				PRODUCT_NAME = "$(TARGET_NAME)";
			};
			name = Release;
		};
/* End XCBuildConfiguration section */

/* Begin XCConfigurationList section */
		49A00DA31F64595000C5B4BF /* Build configuration list for PBXProject "stockpile" */ = {
			isa = XCConfigurationList;
			buildConfigurations = (
				49A00DAD1F64595000C5B4BF /* Debug */,
				49A00DAE1F64595000C5B4BF /* Release */,
			);
			defaultConfigurationIsVisible = 0;
			defaultConfigurationName = Release;
		};
		49A00DAF1F64595000C5B4BF /* Build configuration list for PBXNativeTarget "stockpile" */ = {
			isa = XCConfigurationList;
			buildConfigurations = (
				49A00DB01F64595000C5B4BF /* Debug */,
				49A00DB11F64595000C5B4BF /* Release */,
			);
			defaultConfigurationIsVisible = 0;
			defaultConfigurationName = Release;
		};
		5AC4B8361F699744007D9374 /* Build configuration list for PBXNativeTarget "stockpilelib" */ = {
			isa = XCConfigurationList;
			buildConfigurations = (
				5AC4B8371F699744007D9374 /* Debug */,
				5AC4B8381F699744007D9374 /* Release */,
			);
			defaultConfigurationIsVisible = 0;
			defaultConfigurationName = Release;
		};
/* End XCConfigurationList section */
	};
	rootObject = 49A00DA01F64595000C5B4BF /* Project object */;
}
