// !$*UTF8*$!
{
	archiveVersion = 1;
	classes = {
	};
	objectVersion = 46;
	objects = {

/* Begin PBXBuildFile section */
		49A00DAC1F64595000C5B4BF /* main.cpp in Sources */ = {isa = PBXBuildFile; fileRef = 49A00DAB1F64595000C5B4BF /* main.cpp */; };
		49A00DB71F645DD900C5B4BF /* libsnappy.a in Frameworks */ = {isa = PBXBuildFile; fileRef = 49A00DB61F645DD900C5B4BF /* libsnappy.a */; };
/* End PBXBuildFile section */

/* Begin PBXCopyFilesBuildPhase section */
		49A00DA61F64595000C5B4BF /* CopyFiles */ = {
			isa = PBXCopyFilesBuildPhase;
			buildActionMask = 2147483647;
			dstPath = /usr/share/man/man1/;
			dstSubfolderSpec = 0;
			files = (
			);
			runOnlyForDeploymentPostprocessing = 1;
		};
/* End PBXCopyFilesBuildPhase section */

/* Begin PBXFileReference section */
		49A00DA81F64595000C5B4BF /* stockpile */ = {isa = PBXFileReference; explicitFileType = "compiled.mach-o.executable"; includeInIndex = 0; path = stockpile; sourceTree = BUILT_PRODUCTS_DIR; };
		49A00DAB1F64595000C5B4BF /* main.cpp */ = {isa = PBXFileReference; lastKnownFileType = sourcecode.cpp.cpp; path = main.cpp; sourceTree = "<group>"; };
		49A00DB61F645DD900C5B4BF /* libsnappy.a */ = {isa = PBXFileReference; lastKnownFileType = archive.ar; name = libsnappy.a; path = thirdparty/snappy/build/libsnappy.a; sourceTree = "<group>"; };
		49A00E111F655E6400C5B4BF /* stockpile.h */ = {isa = PBXFileReference; fileEncoding = 4; lastKnownFileType = sourcecode.c.h; path = stockpile.h; sourceTree = "<group>"; };
/* End PBXFileReference section */

/* Begin PBXFrameworksBuildPhase section */
		49A00DA51F64595000C5B4BF /* Frameworks */ = {
			isa = PBXFrameworksBuildPhase;
			buildActionMask = 2147483647;
			files = (
				49A00DB71F645DD900C5B4BF /* libsnappy.a in Frameworks */,
			);
			runOnlyForDeploymentPostprocessing = 0;
		};
/* End PBXFrameworksBuildPhase section */

/* Begin PBXGroup section */
		49A00D9F1F64595000C5B4BF = {
			isa = PBXGroup;
			children = (
				49A00DAA1F64595000C5B4BF /* stockpile */,
				49A00DA91F64595000C5B4BF /* Products */,
				49A00DB51F645DD900C5B4BF /* Frameworks */,
			);
			sourceTree = "<group>";
		};
		49A00DA91F64595000C5B4BF /* Products */ = {
			isa = PBXGroup;
			children = (
				49A00DA81F64595000C5B4BF /* stockpile */,
			);
			name = Products;
			sourceTree = "<group>";
		};
		49A00DAA1F64595000C5B4BF /* stockpile */ = {
			isa = PBXGroup;
			children = (
				49A00DAB1F64595000C5B4BF /* main.cpp */,
				49A00E111F655E6400C5B4BF /* stockpile.h */,
			);
			path = stockpile;
			sourceTree = "<group>";
		};
		49A00DB51F645DD900C5B4BF /* Frameworks */ = {
			isa = PBXGroup;
			children = (
				49A00DB61F645DD900C5B4BF /* libsnappy.a */,
			);
			name = Frameworks;
			sourceTree = "<group>";
		};
/* End PBXGroup section */

/* Begin PBXNativeTarget section */
		49A00DA71F64595000C5B4BF /* stockpile */ = {
			isa = PBXNativeTarget;
			buildConfigurationList = 49A00DAF1F64595000C5B4BF /* Build configuration list for PBXNativeTarget "stockpile" */;
			buildPhases = (
				49A00DA41F64595000C5B4BF /* Sources */,
				49A00DA51F64595000C5B4BF /* Frameworks */,
				49A00DA61F64595000C5B4BF /* CopyFiles */,
			);
			buildRules = (
			);
			dependencies = (
			);
			name = stockpile;
			productName = stockpile;
			productReference = 49A00DA81F64595000C5B4BF /* stockpile */;
			productType = "com.apple.product-type.tool";
		};
/* End PBXNativeTarget section */

/* Begin PBXProject section */
		49A00DA01F64595000C5B4BF /* Project object */ = {
			isa = PBXProject;
			attributes = {
				LastUpgradeCheck = 0830;
				ORGANIZATIONNAME = "Andrew Dodman";
				TargetAttributes = {
					49A00DA71F64595000C5B4BF = {
						CreatedOnToolsVersion = 8.3.3;
						ProvisioningStyle = Automatic;
					};
				};
			};
			buildConfigurationList = 49A00DA31F64595000C5B4BF /* Build configuration list for PBXProject "stockpile" */;
			compatibilityVersion = "Xcode 3.2";
			developmentRegion = English;
			hasScannedForEncodings = 0;
			knownRegions = (
				en,
			);
			mainGroup = 49A00D9F1F64595000C5B4BF;
			productRefGroup = 49A00DA91F64595000C5B4BF /* Products */;
			projectDirPath = "";
			projectRoot = "";
			targets = (
				49A00DA71F64595000C5B4BF /* stockpile */,
			);
		};
/* End PBXProject section */

/* Begin PBXSourcesBuildPhase section */
		49A00DA41F64595000C5B4BF /* Sources */ = {
			isa = PBXSourcesBuildPhase;
			buildActionMask = 2147483647;
			files = (
				49A00DAC1F64595000C5B4BF /* main.cpp in Sources */,
			);
			runOnlyForDeploymentPostprocessing = 0;
		};
/* End PBXSourcesBuildPhase section */

/* Begin XCBuildConfiguration section */
		49A00DAD1F64595000C5B4BF /* Debug */ = {
			isa = XCBuildConfiguration;
			buildSettings = {
				CLANG_ANALYZER_NONNULL = YES;
				CLANG_ANALYZER_NUMBER_OBJECT_CONVERSION = YES_AGGRESSIVE;
				CLANG_CXX_LANGUAGE_STANDARD = "c++14";
				CLANG_CXX_LIBRARY = "libc++";
				CLANG_ENABLE_MODULES = YES;
				CLANG_ENABLE_OBJC_ARC = YES;
				CLANG_WARN_BOOL_CONVERSION = YES;
				CLANG_WARN_CONSTANT_CONVERSION = YES;
				CLANG_WARN_DIRECT_OBJC_ISA_USAGE = YES_ERROR;
				CLANG_WARN_DOCUMENTATION_COMMENTS = YES;
				CLANG_WARN_EMPTY_BODY = YES;
				CLANG_WARN_ENUM_CONVERSION = YES;
				CLANG_WARN_INFINITE_RECURSION = YES;
				CLANG_WARN_INT_CONVERSION = YES;
				CLANG_WARN_OBJC_ROOT_CLASS = YES_ERROR;
				CLANG_WARN_SUSPICIOUS_MOVE = YES;
				CLANG_WARN_UNREACHABLE_CODE = YES;
				CLANG_WARN__DUPLICATE_METHOD_MATCH = YES;
				CODE_SIGN_IDENTITY = "-";
				COPY_PHASE_STRIP = NO;
				DEBUG_INFORMATION_FORMAT = dwarf;
				ENABLE_STRICT_OBJC_MSGSEND = YES;
				ENABLE_TESTABILITY = YES;
				GCC_C_LANGUAGE_STANDARD = gnu99;
				GCC_DYNAMIC_NO_PIC = NO;
				GCC_NO_COMMON_BLOCKS = YES;
				GCC_OPTIMIZATION_LEVEL = 0;
				GCC_PREPROCESSOR_DEFINITIONS = (
					"DEBUG=1",
					"$(inherited)",
				);
				GCC_WARN_64_TO_32_BIT_CONVERSION = YES;
				GCC_WARN_ABOUT_RETURN_TYPE = YES_ERROR;
				GCC_WARN_UNDECLARED_SELECTOR = YES;
				GCC_WARN_UNINITIALIZED_AUTOS = YES_AGGRESSIVE;
				GCC_WARN_UNUSED_FUNCTION = YES;
				GCC_WARN_UNUSED_VARIABLE = YES;
				HEADER_SEARCH_PATHS = (
					thirdparty/snappy,
					thirdparty/snappy/build,
					thirdparty/json/src,
					thirdparty/args,
					thirdparty/PicoSHA2,
				);
				LIBRARY_SEARCH_PATHS = thirdparty/snappy/build;
				MACOSX_DEPLOYMENT_TARGET = 10.12;
				MTL_ENABLE_DEBUG_INFO = YES;
				ONLY_ACTIVE_ARCH = YES;
				SDKROOT = macosx;
			};
			name = Debug;
		};
		49A00DAE1F64595000C5B4BF /* Release */ = {
			isa = XCBuildConfiguration;
			buildSettings = {
				CLANG_ANALYZER_NONNULL = YES;
				CLANG_ANALYZER_NUMBER_OBJECT_CONVERSION = YES_AGGRESSIVE;
				CLANG_CXX_LANGUAGE_STANDARD = "c++14";
				CLANG_CXX_LIBRARY = "libc++";
				CLANG_ENABLE_MODULES = YES;
				CLANG_ENABLE_OBJC_ARC = YES;
				CLANG_WARN_BOOL_CONVERSION = YES;
				CLANG_WARN_CONSTANT_CONVERSION = YES;
				CLANG_WARN_DIRECT_OBJC_ISA_USAGE = YES_ERROR;
				CLANG_WARN_DOCUMENTATION_COMMENTS = YES;
				CLANG_WARN_EMPTY_BODY = YES;
				CLANG_WARN_ENUM_CONVERSION = YES;
				CLANG_WARN_INFINITE_RECURSION = YES;
				CLANG_WARN_INT_CONVERSION = YES;
				CLANG_WARN_OBJC_ROOT_CLASS = YES_ERROR;
				CLANG_WARN_SUSPICIOUS_MOVE = YES;
				CLANG_WARN_UNREACHABLE_CODE = YES;
				CLANG_WARN__DUPLICATE_METHOD_MATCH = YES;
				CODE_SIGN_IDENTITY = "-";
				COPY_PHASE_STRIP = NO;
				DEBUG_INFORMATION_FORMAT = "dwarf-with-dsym";
				ENABLE_NS_ASSERTIONS = NO;
				ENABLE_STRICT_OBJC_MSGSEND = YES;
				GCC_C_LANGUAGE_STANDARD = gnu99;
				GCC_NO_COMMON_BLOCKS = YES;
				GCC_WARN_64_TO_32_BIT_CONVERSION = YES;
				GCC_WARN_ABOUT_RETURN_TYPE = YES_ERROR;
				GCC_WARN_UNDECLARED_SELECTOR = YES;
				GCC_WARN_UNINITIALIZED_AUTOS = YES_AGGRESSIVE;
				GCC_WARN_UNUSED_FUNCTION = YES;
				GCC_WARN_UNUSED_VARIABLE = YES;
				HEADER_SEARCH_PATHS = (
					thirdparty/snappy,
					thirdparty/snappy/build,
					thirdparty/json/src,
					thirdparty/args,
					thirdparty/PicoSHA2,
				);
				LIBRARY_SEARCH_PATHS = thirdparty/snappy/build;
				MACOSX_DEPLOYMENT_TARGET = 10.12;
				MTL_ENABLE_DEBUG_INFO = NO;
				SDKROOT = macosx;
			};
			name = Release;
		};
		49A00DB01F64595000C5B4BF /* Debug */ = {
			isa = XCBuildConfiguration;
			buildSettings = {
				LIBRARY_SEARCH_PATHS = (
					"$(inherited)",
					"$(PROJECT_DIR)/thirdparty/snappy/build",
				);
				PRODUCT_NAME = "$(TARGET_NAME)";
			};
			name = Debug;
		};
		49A00DB11F64595000C5B4BF /* Release */ = {
			isa = XCBuildConfiguration;
			buildSettings = {
				LIBRARY_SEARCH_PATHS = (
					"$(inherited)",
					"$(PROJECT_DIR)/thirdparty/snappy/build",
				);
				PRODUCT_NAME = "$(TARGET_NAME)";
			};
			name = Release;
		};
/* End XCBuildConfiguration section */

/* Begin XCConfigurationList section */
		49A00DA31F64595000C5B4BF /* Build configuration list for PBXProject "stockpile" */ = {
			isa = XCConfigurationList;
			buildConfigurations = (
				49A00DAD1F64595000C5B4BF /* Debug */,
				49A00DAE1F64595000C5B4BF /* Release */,
			);
			defaultConfigurationIsVisible = 0;
			defaultConfigurationName = Release;
		};
		49A00DAF1F64595000C5B4BF /* Build configuration list for PBXNativeTarget "stockpile" */ = {
			isa = XCConfigurationList;
			buildConfigurations = (
				49A00DB01F64595000C5B4BF /* Debug */,
				49A00DB11F64595000C5B4BF /* Release */,
			);
			defaultConfigurationIsVisible = 0;
		};
/* End XCConfigurationList section */
	};
	rootObject = 49A00DA01F64595000C5B4BF /* Project object */;
}
